
Microsoft Visual Studio Solution File, Format Version 12.00
# Visual Studio Version 17
VisualStudioVersion = 17.7.34009.444
MinimumVisualStudioVersion = 10.0.40219.1
Project("{FAE04EC0-301F-11D3-BF4B-00C04F79EFBC}") = "InternetDownloadManager", "InternetDownloadManager\InternetDownloadManager.csproj", "{0B6306F6-5762-4884-B396-78E89F710E06}"
EndProject
Global
	GlobalSection(SolutionConfigurationPlatforms) = preSolution
		Debug|Any CPU = Debug|Any CPU
		Release|Any CPU = Release|Any CPU
	EndGlobalSection
	GlobalSection(ProjectConfigurationPlatforms) = postSolution
		{0B6306F6-5762-4884-B396-78E89F710E06}.Debug|Any CPU.ActiveCfg = Debug|Any CPU
		{0B6306F6-5762-4884-B396-78E89F710E06}.Debug|Any CPU.Build.0 = Debug|Any CPU
		{0B6306F6-5762-4884-B396-78E89F710E06}.Release|Any CPU.ActiveCfg = Release|Any CPU
		{0B6306F6-5762-4884-B396-78E89F710E06}.Release|Any CPU.Build.0 = Release|Any CPU
	EndGlobalSection
	GlobalSection(SolutionProperties) = preSolution
		HideSolutionNode = FALSE
	EndGlobalSection
	GlobalSection(ExtensibilityGlobals) = postSolution
		SolutionGuid = {30879225-10A5-4244-8A03-DA52F3020E73}
	EndGlobalSection
EndGlobal
